
Microsoft Visual Studio Solution File, Format Version 12.00
# Visual Studio 15
VisualStudioVersion = 15.0.26730.8
MinimumVisualStudioVersion = 10.0.40219.1
Project("{FAE04EC0-301F-11D3-BF4B-00C04F79EFBC}") = "PGP", "PGP\PGP.csproj", "{AC8673EC-8592-4375-A460-B923DB4E6D9F}"
EndProject
Global
	GlobalSection(SolutionConfigurationPlatforms) = preSolution
		Debug|Any CPU = Debug|Any CPU
		Release|Any CPU = Release|Any CPU
	EndGlobalSection
	GlobalSection(ProjectConfigurationPlatforms) = postSolution
		{AC8673EC-8592-4375-A460-B923DB4E6D9F}.Debug|Any CPU.ActiveCfg = Debug|Any CPU
		{AC8673EC-8592-4375-A460-B923DB4E6D9F}.Debug|Any CPU.Build.0 = Debug|Any CPU
		{AC8673EC-8592-4375-A460-B923DB4E6D9F}.Release|Any CPU.ActiveCfg = Release|Any CPU
		{AC8673EC-8592-4375-A460-B923DB4E6D9F}.Release|Any CPU.Build.0 = Release|Any CPU
	EndGlobalSection
	GlobalSection(SolutionProperties) = preSolution
		HideSolutionNode = FALSE
	EndGlobalSection
	GlobalSection(ExtensibilityGlobals) = postSolution
		SolutionGuid = {37EC3139-EDF3-4B1C-B727-FE6C66F08B6F}
	EndGlobalSection
EndGlobal
